// !$*UTF8*$!
{
	archiveVersion = 1;
	classes = {
	};
	objectVersion = 55;
	objects = {

/* Begin PBXBuildFile section */
		E61CBE1E286AA65300983C8A /* testApp.swift in Sources */ = {isa = PBXBuildFile; fileRef = E61CBE1D286AA65300983C8A /* testApp.swift */; };
		E61CBE20286AA65300983C8A /* ContentView.swift in Sources */ = {isa = PBXBuildFile; fileRef = E61CBE1F286AA65300983C8A /* ContentView.swift */; };
		E61CBE22286AA65600983C8A /* Assets.xcassets in Resources */ = {isa = PBXBuildFile; fileRef = E61CBE21286AA65600983C8A /* Assets.xcassets */; };
		E61CBE25286AA65600983C8A /* Preview Assets.xcassets in Resources */ = {isa = PBXBuildFile; fileRef = E61CBE24286AA65600983C8A /* Preview Assets.xcassets */; };
		E61CBE2F286AA65600983C8A /* testTests.swift in Sources */ = {isa = PBXBuildFile; fileRef = E61CBE2E286AA65600983C8A /* testTests.swift */; };
		E61CBE39286AA65600983C8A /* testUITests.swift in Sources */ = {isa = PBXBuildFile; fileRef = E61CBE38286AA65600983C8A /* testUITests.swift */; };
		E61CBE3B286AA65600983C8A /* testUITestsLaunchTests.swift in Sources */ = {isa = PBXBuildFile; fileRef = E61CBE3A286AA65600983C8A /* testUITestsLaunchTests.swift */; };
		E6656449287091170017E3E7 /* login.swift in Sources */ = {isa = PBXBuildFile; fileRef = E6656448287091170017E3E7 /* login.swift */; };
		E68EE4C42872FBEE0035CC84 /* NoPassword.swift in Sources */ = {isa = PBXBuildFile; fileRef = E68EE4C32872FBEE0035CC84 /* NoPassword.swift */; };
/* End PBXBuildFile section */

/* Begin PBXContainerItemProxy section */
		E61CBE2B286AA65600983C8A /* PBXContainerItemProxy */ = {
			isa = PBXContainerItemProxy;
			containerPortal = E61CBE12286AA65300983C8A /* Project object */;
			proxyType = 1;
			remoteGlobalIDString = E61CBE19286AA65300983C8A;
			remoteInfo = test;
		};
		E61CBE35286AA65600983C8A /* PBXContainerItemProxy */ = {
			isa = PBXContainerItemProxy;
			containerPortal = E61CBE12286AA65300983C8A /* Project object */;
			proxyType = 1;
			remoteGlobalIDString = E61CBE19286AA65300983C8A;
			remoteInfo = test;
		};
/* End PBXContainerItemProxy section */

/* Begin PBXFileReference section */
		E61CBE1A286AA65300983C8A /* test.app */ = {isa = PBXFileReference; explicitFileType = wrapper.application; includeInIndex = 0; path = test.app; sourceTree = BUILT_PRODUCTS_DIR; };
		E61CBE1D286AA65300983C8A /* testApp.swift */ = {isa = PBXFileReference; lastKnownFileType = sourcecode.swift; path = testApp.swift; sourceTree = "<group>"; };
		E61CBE1F286AA65300983C8A /* ContentView.swift */ = {isa = PBXFileReference; lastKnownFileType = sourcecode.swift; path = ContentView.swift; sourceTree = "<group>"; };
		E61CBE21286AA65600983C8A /* Assets.xcassets */ = {isa = PBXFileReference; lastKnownFileType = folder.assetcatalog; path = Assets.xcassets; sourceTree = "<group>"; };
		E61CBE24286AA65600983C8A /* Preview Assets.xcassets */ = {isa = PBXFileReference; lastKnownFileType = folder.assetcatalog; path = "Preview Assets.xcassets"; sourceTree = "<group>"; };
		E61CBE2A286AA65600983C8A /* testTests.xctest */ = {isa = PBXFileReference; explicitFileType = wrapper.cfbundle; includeInIndex = 0; path = testTests.xctest; sourceTree = BUILT_PRODUCTS_DIR; };
		E61CBE2E286AA65600983C8A /* testTests.swift */ = {isa = PBXFileReference; lastKnownFileType = sourcecode.swift; path = testTests.swift; sourceTree = "<group>"; };
		E61CBE34286AA65600983C8A /* testUITests.xctest */ = {isa = PBXFileReference; explicitFileType = wrapper.cfbundle; includeInIndex = 0; path = testUITests.xctest; sourceTree = BUILT_PRODUCTS_DIR; };
		E61CBE38286AA65600983C8A /* testUITests.swift */ = {isa = PBXFileReference; lastKnownFileType = sourcecode.swift; path = testUITests.swift; sourceTree = "<group>"; };
		E61CBE3A286AA65600983C8A /* testUITestsLaunchTests.swift */ = {isa = PBXFileReference; lastKnownFileType = sourcecode.swift; path = testUITestsLaunchTests.swift; sourceTree = "<group>"; };
		E6656448287091170017E3E7 /* login.swift */ = {isa = PBXFileReference; lastKnownFileType = sourcecode.swift; path = login.swift; sourceTree = "<group>"; };
		E68EE4C32872FBEE0035CC84 /* NoPassword.swift */ = {isa = PBXFileReference; lastKnownFileType = sourcecode.swift; path = NoPassword.swift; sourceTree = "<group>"; };
/* End PBXFileReference section */

/* Begin PBXFrameworksBuildPhase section */
		E61CBE17286AA65300983C8A /* Frameworks */ = {
			isa = PBXFrameworksBuildPhase;
			buildActionMask = 2147483647;
			files = (
			);
			runOnlyForDeploymentPostprocessing = 0;
		};
		E61CBE27286AA65600983C8A /* Frameworks */ = {
			isa = PBXFrameworksBuildPhase;
			buildActionMask = 2147483647;
			files = (
			);
			runOnlyForDeploymentPostprocessing = 0;
		};
		E61CBE31286AA65600983C8A /* Frameworks */ = {
			isa = PBXFrameworksBuildPhase;
			buildActionMask = 2147483647;
			files = (
			);
			runOnlyForDeploymentPostprocessing = 0;
		};
/* End PBXFrameworksBuildPhase section */

/* Begin PBXGroup section */
		E61CBE11286AA65300983C8A = {
			isa = PBXGroup;
			children = (
				E61CBE1C286AA65300983C8A /* test */,
				E61CBE2D286AA65600983C8A /* testTests */,
				E61CBE37286AA65600983C8A /* testUITests */,
				E61CBE1B286AA65300983C8A /* Products */,
			);
			sourceTree = "<group>";
		};
		E61CBE1B286AA65300983C8A /* Products */ = {
			isa = PBXGroup;
			children = (
				E61CBE1A286AA65300983C8A /* test.app */,
				E61CBE2A286AA65600983C8A /* testTests.xctest */,
				E61CBE34286AA65600983C8A /* testUITests.xctest */,
			);
			name = Products;
			sourceTree = "<group>";
		};
		E61CBE1C286AA65300983C8A /* test */ = {
			isa = PBXGroup;
			children = (
				E61CBE1D286AA65300983C8A /* testApp.swift */,
				E61CBE1F286AA65300983C8A /* ContentView.swift */,
				E61CBE21286AA65600983C8A /* Assets.xcassets */,
				E61CBE23286AA65600983C8A /* Preview Content */,
				E6656448287091170017E3E7 /* login.swift */,
				E68EE4C32872FBEE0035CC84 /* NoPassword.swift */,
			);
			path = test;
			sourceTree = "<group>";
		};
		E61CBE23286AA65600983C8A /* Preview Content */ = {
			isa = PBXGroup;
			children = (
				E61CBE24286AA65600983C8A /* Preview Assets.xcassets */,
			);
			path = "Preview Content";
			sourceTree = "<group>";
		};
		E61CBE2D286AA65600983C8A /* testTests */ = {
			isa = PBXGroup;
			children = (
				E61CBE2E286AA65600983C8A /* testTests.swift */,
			);
			path = testTests;
			sourceTree = "<group>";
		};
		E61CBE37286AA65600983C8A /* testUITests */ = {
			isa = PBXGroup;
			children = (
				E61CBE38286AA65600983C8A /* testUITests.swift */,
				E61CBE3A286AA65600983C8A /* testUITestsLaunchTests.swift */,
			);
			path = testUITests;
			sourceTree = "<group>";
		};
/* End PBXGroup section */

/* Begin PBXNativeTarget section */
		E61CBE19286AA65300983C8A /* test */ = {
			isa = PBXNativeTarget;
			buildConfigurationList = E61CBE3E286AA65600983C8A /* Build configuration list for PBXNativeTarget "test" */;
			buildPhases = (
				E61CBE16286AA65300983C8A /* Sources */,
				E61CBE17286AA65300983C8A /* Frameworks */,
				E61CBE18286AA65300983C8A /* Resources */,
			);
			buildRules = (
			);
			dependencies = (
			);
			name = test;
			productName = test;
			productReference = E61CBE1A286AA65300983C8A /* test.app */;
			productType = "com.apple.product-type.application";
		};
		E61CBE29286AA65600983C8A /* testTests */ = {
			isa = PBXNativeTarget;
			buildConfigurationList = E61CBE41286AA65600983C8A /* Build configuration list for PBXNativeTarget "testTests" */;
			buildPhases = (
				E61CBE26286AA65600983C8A /* Sources */,
				E61CBE27286AA65600983C8A /* Frameworks */,
				E61CBE28286AA65600983C8A /* Resources */,
			);
			buildRules = (
			);
			dependencies = (
				E61CBE2C286AA65600983C8A /* PBXTargetDependency */,
			);
			name = testTests;
			productName = testTests;
			productReference = E61CBE2A286AA65600983C8A /* testTests.xctest */;
			productType = "com.apple.product-type.bundle.unit-test";
		};
		E61CBE33286AA65600983C8A /* testUITests */ = {
			isa = PBXNativeTarget;
			buildConfigurationList = E61CBE44286AA65600983C8A /* Build configuration list for PBXNativeTarget "testUITests" */;
			buildPhases = (
				E61CBE30286AA65600983C8A /* Sources */,
				E61CBE31286AA65600983C8A /* Frameworks */,
				E61CBE32286AA65600983C8A /* Resources */,
			);
			buildRules = (
			);
			dependencies = (
				E61CBE36286AA65600983C8A /* PBXTargetDependency */,
			);
			name = testUITests;
			productName = testUITests;
			productReference = E61CBE34286AA65600983C8A /* testUITests.xctest */;
			productType = "com.apple.product-type.bundle.ui-testing";
		};
/* End PBXNativeTarget section */

/* Begin PBXProject section */
		E61CBE12286AA65300983C8A /* Project object */ = {
			isa = PBXProject;
			attributes = {
				BuildIndependentTargetsInParallel = 1;
				LastSwiftUpdateCheck = 1340;
				LastUpgradeCheck = 1340;
				TargetAttributes = {
					E61CBE19286AA65300983C8A = {
						CreatedOnToolsVersion = 13.4.1;
					};
					E61CBE29286AA65600983C8A = {
						CreatedOnToolsVersion = 13.4.1;
						TestTargetID = E61CBE19286AA65300983C8A;
					};
					E61CBE33286AA65600983C8A = {
						CreatedOnToolsVersion = 13.4.1;
						TestTargetID = E61CBE19286AA65300983C8A;
					};
				};
			};
			buildConfigurationList = E61CBE15286AA65300983C8A /* Build configuration list for PBXProject "test" */;
			compatibilityVersion = "Xcode 13.0";
			developmentRegion = en;
			hasScannedForEncodings = 0;
			knownRegions = (
				en,
				Base,
			);
			mainGroup = E61CBE11286AA65300983C8A;
			productRefGroup = E61CBE1B286AA65300983C8A /* Products */;
			projectDirPath = "";
			projectRoot = "";
			targets = (
				E61CBE19286AA65300983C8A /* test */,
				E61CBE29286AA65600983C8A /* testTests */,
				E61CBE33286AA65600983C8A /* testUITests */,
			);
		};
/* End PBXProject section */

/* Begin PBXResourcesBuildPhase section */
		E61CBE18286AA65300983C8A /* Resources */ = {
			isa = PBXResourcesBuildPhase;
			buildActionMask = 2147483647;
			files = (
				E61CBE25286AA65600983C8A /* Preview Assets.xcassets in Resources */,
				E61CBE22286AA65600983C8A /* Assets.xcassets in Resources */,
			);
			runOnlyForDeploymentPostprocessing = 0;
		};
		E61CBE28286AA65600983C8A /* Resources */ = {
			isa = PBXResourcesBuildPhase;
			buildActionMask = 2147483647;
			files = (
			);
			runOnlyForDeploymentPostprocessing = 0;
		};
		E61CBE32286AA65600983C8A /* Resources */ = {
			isa = PBXResourcesBuildPhase;
			buildActionMask = 2147483647;
			files = (
			);
			runOnlyForDeploymentPostprocessing = 0;
		};
/* End PBXResourcesBuildPhase section */

/* Begin PBXSourcesBuildPhase section */
		E61CBE16286AA65300983C8A /* Sources */ = {
			isa = PBXSourcesBuildPhase;
			buildActionMask = 2147483647;
			files = (
				E61CBE20286AA65300983C8A /* ContentView.swift in Sources */,
				E6656449287091170017E3E7 /* login.swift in Sources */,
				E61CBE1E286AA65300983C8A /* testApp.swift in Sources */,
				E68EE4C42872FBEE0035CC84 /* NoPassword.swift in Sources */,
			);
			runOnlyForDeploymentPostprocessing = 0;
		};
		E61CBE26286AA65600983C8A /* Sources */ = {
			isa = PBXSourcesBuildPhase;
			buildActionMask = 2147483647;
			files = (
				E61CBE2F286AA65600983C8A /* testTests.swift in Sources */,
			);
			runOnlyForDeploymentPostprocessing = 0;
		};
		E61CBE30286AA65600983C8A /* Sources */ = {
			isa = PBXSourcesBuildPhase;
			buildActionMask = 2147483647;
			files = (
				E61CBE3B286AA65600983C8A /* testUITestsLaunchTests.swift in Sources */,
				E61CBE39286AA65600983C8A /* testUITests.swift in Sources */,
			);
			runOnlyForDeploymentPostprocessing = 0;
		};
/* End PBXSourcesBuildPhase section */

/* Begin PBXTargetDependency section */
		E61CBE2C286AA65600983C8A /* PBXTargetDependency */ = {
			isa = PBXTargetDependency;
			target = E61CBE19286AA65300983C8A /* test */;
			targetProxy = E61CBE2B286AA65600983C8A /* PBXContainerItemProxy */;
		};
		E61CBE36286AA65600983C8A /* PBXTargetDependency */ = {
			isa = PBXTargetDependency;
			target = E61CBE19286AA65300983C8A /* test */;
			targetProxy = E61CBE35286AA65600983C8A /* PBXContainerItemProxy */;
		};
/* End PBXTargetDependency section */

/* Begin XCBuildConfiguration section */
		E61CBE3C286AA65600983C8A /* Debug */ = {
			isa = XCBuildConfiguration;
			buildSettings = {
				ALWAYS_SEARCH_USER_PATHS = NO;
				CLANG_ANALYZER_NONNULL = YES;
				CLANG_ANALYZER_NUMBER_OBJECT_CONVERSION = YES_AGGRESSIVE;
				CLANG_CXX_LANGUAGE_STANDARD = "gnu++17";
				CLANG_ENABLE_MODULES = YES;
				CLANG_ENABLE_OBJC_ARC = YES;
				CLANG_ENABLE_OBJC_WEAK = YES;
				CLANG_WARN_BLOCK_CAPTURE_AUTORELEASING = YES;
				CLANG_WARN_BOOL_CONVERSION = YES;
				CLANG_WARN_COMMA = YES;
				CLANG_WARN_CONSTANT_CONVERSION = YES;
				CLANG_WARN_DEPRECATED_OBJC_IMPLEMENTATIONS = YES;
				CLANG_WARN_DIRECT_OBJC_ISA_USAGE = YES_ERROR;
				CLANG_WARN_DOCUMENTATION_COMMENTS = YES;
				CLANG_WARN_EMPTY_BODY = YES;
				CLANG_WARN_ENUM_CONVERSION = YES;
				CLANG_WARN_INFINITE_RECURSION = YES;
				CLANG_WARN_INT_CONVERSION = YES;
				CLANG_WARN_NON_LITERAL_NULL_CONVERSION = YES;
				CLANG_WARN_OBJC_IMPLICIT_RETAIN_SELF = YES;
				CLANG_WARN_OBJC_LITERAL_CONVERSION = YES;
				CLANG_WARN_OBJC_ROOT_CLASS = YES_ERROR;
				CLANG_WARN_QUOTED_INCLUDE_IN_FRAMEWORK_HEADER = YES;
				CLANG_WARN_RANGE_LOOP_ANALYSIS = YES;
				CLANG_WARN_STRICT_PROTOTYPES = YES;
				CLANG_WARN_SUSPICIOUS_MOVE = YES;
				CLANG_WARN_UNGUARDED_AVAILABILITY = YES_AGGRESSIVE;
				CLANG_WARN_UNREACHABLE_CODE = YES;
				CLANG_WARN__DUPLICATE_METHOD_MATCH = YES;
				COPY_PHASE_STRIP = NO;
				DEBUG_INFORMATION_FORMAT = dwarf;
				ENABLE_STRICT_OBJC_MSGSEND = YES;
				ENABLE_TESTABILITY = YES;
				GCC_C_LANGUAGE_STANDARD = gnu11;
				GCC_DYNAMIC_NO_PIC = NO;
				GCC_NO_COMMON_BLOCKS = YES;
				GCC_OPTIMIZATION_LEVEL = 0;
				GCC_PREPROCESSOR_DEFINITIONS = (
					"DEBUG=1",
					"$(inherited)",
				);
				GCC_WARN_64_TO_32_BIT_CONVERSION = YES;
				GCC_WARN_ABOUT_RETURN_TYPE = YES_ERROR;
				GCC_WARN_UNDECLARED_SELECTOR = YES;
				GCC_WARN_UNINITIALIZED_AUTOS = YES_AGGRESSIVE;
				GCC_WARN_UNUSED_FUNCTION = YES;
				GCC_WARN_UNUSED_VARIABLE = YES;
				IPHONEOS_DEPLOYMENT_TARGET = 15.5;
				MTL_ENABLE_DEBUG_INFO = INCLUDE_SOURCE;
				MTL_FAST_MATH = YES;
				ONLY_ACTIVE_ARCH = YES;
				SDKROOT = iphoneos;
				SWIFT_ACTIVE_COMPILATION_CONDITIONS = DEBUG;
				SWIFT_OPTIMIZATION_LEVEL = "-Onone";
			};
			name = Debug;
		};
		E61CBE3D286AA65600983C8A /* Release */ = {
			isa = XCBuildConfiguration;
			buildSettings = {
				ALWAYS_SEARCH_USER_PATHS = NO;
				CLANG_ANALYZER_NONNULL = YES;
				CLANG_ANALYZER_NUMBER_OBJECT_CONVERSION = YES_AGGRESSIVE;
				CLANG_CXX_LANGUAGE_STANDARD = "gnu++17";
				CLANG_ENABLE_MODULES = YES;
				CLANG_ENABLE_OBJC_ARC = YES;
				CLANG_ENABLE_OBJC_WEAK = YES;
				CLANG_WARN_BLOCK_CAPTURE_AUTORELEASING = YES;
				CLANG_WARN_BOOL_CONVERSION = YES;
				CLANG_WARN_COMMA = YES;
				CLANG_WARN_CONSTANT_CONVERSION = YES;
				CLANG_WARN_DEPRECATED_OBJC_IMPLEMENTATIONS = YES;
				CLANG_WARN_DIRECT_OBJC_ISA_USAGE = YES_ERROR;
				CLANG_WARN_DOCUMENTATION_COMMENTS = YES;
				CLANG_WARN_EMPTY_BODY = YES;
				CLANG_WARN_ENUM_CONVERSION = YES;
				CLANG_WARN_INFINITE_RECURSION = YES;
				CLANG_WARN_INT_CONVERSION = YES;
				CLANG_WARN_NON_LITERAL_NULL_CONVERSION = YES;
				CLANG_WARN_OBJC_IMPLICIT_RETAIN_SELF = YES;
				CLANG_WARN_OBJC_LITERAL_CONVERSION = YES;
				CLANG_WARN_OBJC_ROOT_CLASS = YES_ERROR;
				CLANG_WARN_QUOTED_INCLUDE_IN_FRAMEWORK_HEADER = YES;
				CLANG_WARN_RANGE_LOOP_ANALYSIS = YES;
				CLANG_WARN_STRICT_PROTOTYPES = YES;
				CLANG_WARN_SUSPICIOUS_MOVE = YES;
				CLANG_WARN_UNGUARDED_AVAILABILITY = YES_AGGRESSIVE;
				CLANG_WARN_UNREACHABLE_CODE = YES;
				CLANG_WARN__DUPLICATE_METHOD_MATCH = YES;
				COPY_PHASE_STRIP = NO;
				DEBUG_INFORMATION_FORMAT = "dwarf-with-dsym";
				ENABLE_NS_ASSERTIONS = NO;
				ENABLE_STRICT_OBJC_MSGSEND = YES;
				GCC_C_LANGUAGE_STANDARD = gnu11;
				GCC_NO_COMMON_BLOCKS = YES;
				GCC_WARN_64_TO_32_BIT_CONVERSION = YES;
				GCC_WARN_ABOUT_RETURN_TYPE = YES_ERROR;
				GCC_WARN_UNDECLARED_SELECTOR = YES;
				GCC_WARN_UNINITIALIZED_AUTOS = YES_AGGRESSIVE;
				GCC_WARN_UNUSED_FUNCTION = YES;
				GCC_WARN_UNUSED_VARIABLE = YES;
				IPHONEOS_DEPLOYMENT_TARGET = 15.5;
				MTL_ENABLE_DEBUG_INFO = NO;
				MTL_FAST_MATH = YES;
				SDKROOT = iphoneos;
				SWIFT_COMPILATION_MODE = wholemodule;
				SWIFT_OPTIMIZATION_LEVEL = "-O";
				VALIDATE_PRODUCT = YES;
			};
			name = Release;
		};
		E61CBE3F286AA65600983C8A /* Debug */ = {
			isa = XCBuildConfiguration;
			buildSettings = {
				ASSETCATALOG_COMPILER_APPICON_NAME = AppIcon;
				ASSETCATALOG_COMPILER_GLOBAL_ACCENT_COLOR_NAME = AccentColor;
				CODE_SIGN_STYLE = Automatic;
				CURRENT_PROJECT_VERSION = 1;
				DEVELOPMENT_ASSET_PATHS = "\"test/Preview Content\"";
				DEVELOPMENT_TEAM = W34Q3696LL;
				ENABLE_PREVIEWS = YES;
				GENERATE_INFOPLIST_FILE = YES;
				INFOPLIST_KEY_UIApplicationSceneManifest_Generation = YES;
				INFOPLIST_KEY_UIApplicationSupportsIndirectInputEvents = YES;
				INFOPLIST_KEY_UILaunchScreen_Generation = YES;
				INFOPLIST_KEY_UISupportedInterfaceOrientations_iPad = "UIInterfaceOrientationPortrait UIInterfaceOrientationPortraitUpsideDown UIInterfaceOrientationLandscapeLeft UIInterfaceOrientationLandscapeRight";
				INFOPLIST_KEY_UISupportedInterfaceOrientations_iPhone = "UIInterfaceOrientationPortrait UIInterfaceOrientationLandscapeLeft UIInterfaceOrientationLandscapeRight";
				LD_RUNPATH_SEARCH_PATHS = (
					"$(inherited)",
					"@executable_path/Frameworks",
				);
				MARKETING_VERSION = 1.0;
				PRODUCT_BUNDLE_IDENTIFIER = com.xiaoxigua.test;
				PRODUCT_NAME = "$(TARGET_NAME)";
				SWIFT_EMIT_LOC_STRINGS = YES;
				SWIFT_VERSION = 5.0;
				TARGETED_DEVICE_FAMILY = "1,2";
			};
			name = Debug;
		};
		E61CBE40286AA65600983C8A /* Release */ = {
			isa = XCBuildConfiguration;
			buildSettings = {
				ASSETCATALOG_COMPILER_APPICON_NAME = AppIcon;
				ASSETCATALOG_COMPILER_GLOBAL_ACCENT_COLOR_NAME = AccentColor;
				CODE_SIGN_STYLE = Automatic;
				CURRENT_PROJECT_VERSION = 1;
				DEVELOPMENT_ASSET_PATHS = "\"test/Preview Content\"";
				DEVELOPMENT_TEAM = W34Q3696LL;
				ENABLE_PREVIEWS = YES;
				GENERATE_INFOPLIST_FILE = YES;
				INFOPLIST_KEY_UIApplicationSceneManifest_Generation = YES;
				INFOPLIST_KEY_UIApplicationSupportsIndirectInputEvents = YES;
				INFOPLIST_KEY_UILaunchScreen_Generation = YES;
				INFOPLIST_KEY_UISupportedInterfaceOrientations_iPad = "UIInterfaceOrientationPortrait UIInterfaceOrientationPortraitUpsideDown UIInterfaceOrientationLandscapeLeft UIInterfaceOrientationLandscapeRight";
				INFOPLIST_KEY_UISupportedInterfaceOrientations_iPhone = "UIInterfaceOrientationPortrait UIInterfaceOrientationLandscapeLeft UIInterfaceOrientationLandscapeRight";
				LD_RUNPATH_SEARCH_PATHS = (
					"$(inherited)",
					"@executable_path/Frameworks",
				);
				MARKETING_VERSION = 1.0;
				PRODUCT_BUNDLE_IDENTIFIER = com.xiaoxigua.test;
				PRODUCT_NAME = "$(TARGET_NAME)";
				SWIFT_EMIT_LOC_STRINGS = YES;
				SWIFT_VERSION = 5.0;
				TARGETED_DEVICE_FAMILY = "1,2";
			};
			name = Release;
		};
		E61CBE42286AA65600983C8A /* Debug */ = {
			isa = XCBuildConfiguration;
			buildSettings = {
				ALWAYS_EMBED_SWIFT_STANDARD_LIBRARIES = YES;
				BUNDLE_LOADER = "$(TEST_HOST)";
				CODE_SIGN_STYLE = Automatic;
				CURRENT_PROJECT_VERSION = 1;
				DEVELOPMENT_TEAM = W34Q3696LL;
				GENERATE_INFOPLIST_FILE = YES;
				IPHONEOS_DEPLOYMENT_TARGET = 15.5;
				MARKETING_VERSION = 1.0;
				PRODUCT_BUNDLE_IDENTIFIER = com.xiaoxigua.testTests;
				PRODUCT_NAME = "$(TARGET_NAME)";
				SWIFT_EMIT_LOC_STRINGS = NO;
				SWIFT_VERSION = 5.0;
				TARGETED_DEVICE_FAMILY = "1,2";
				TEST_HOST = "$(BUILT_PRODUCTS_DIR)/test.app/test";
			};
			name = Debug;
		};
		E61CBE43286AA65600983C8A /* Release */ = {
			isa = XCBuildConfiguration;
			buildSettings = {
				ALWAYS_EMBED_SWIFT_STANDARD_LIBRARIES = YES;
				BUNDLE_LOADER = "$(TEST_HOST)";
				CODE_SIGN_STYLE = Automatic;
				CURRENT_PROJECT_VERSION = 1;
				DEVELOPMENT_TEAM = W34Q3696LL;
				GENERATE_INFOPLIST_FILE = YES;
				IPHONEOS_DEPLOYMENT_TARGET = 15.5;
				MARKETING_VERSION = 1.0;
				PRODUCT_BUNDLE_IDENTIFIER = com.xiaoxigua.testTests;
				PRODUCT_NAME = "$(TARGET_NAME)";
				SWIFT_EMIT_LOC_STRINGS = NO;
				SWIFT_VERSION = 5.0;
				TARGETED_DEVICE_FAMILY = "1,2";
				TEST_HOST = "$(BUILT_PRODUCTS_DIR)/test.app/test";
			};
			name = Release;
		};
		E61CBE45286AA65600983C8A /* Debug */ = {
			isa = XCBuildConfiguration;
			buildSettings = {
				ALWAYS_EMBED_SWIFT_STANDARD_LIBRARIES = YES;
				CODE_SIGN_STYLE = Automatic;
				CURRENT_PROJECT_VERSION = 1;
				DEVELOPMENT_TEAM = W34Q3696LL;
				GENERATE_INFOPLIST_FILE = YES;
				MARKETING_VERSION = 1.0;
				PRODUCT_BUNDLE_IDENTIFIER = com.xiaoxigua.testUITests;
				PRODUCT_NAME = "$(TARGET_NAME)";
				SWIFT_EMIT_LOC_STRINGS = NO;
				SWIFT_VERSION = 5.0;
				TARGETED_DEVICE_FAMILY = "1,2";
				TEST_TARGET_NAME = test;
			};
			name = Debug;
		};
		E61CBE46286AA65600983C8A /* Release */ = {
			isa = XCBuildConfiguration;
			buildSettings = {
				ALWAYS_EMBED_SWIFT_STANDARD_LIBRARIES = YES;
				CODE_SIGN_STYLE = Automatic;
				CURRENT_PROJECT_VERSION = 1;
				DEVELOPMENT_TEAM = W34Q3696LL;
				GENERATE_INFOPLIST_FILE = YES;
				MARKETING_VERSION = 1.0;
				PRODUCT_BUNDLE_IDENTIFIER = com.xiaoxigua.testUITests;
				PRODUCT_NAME = "$(TARGET_NAME)";
				SWIFT_EMIT_LOC_STRINGS = NO;
				SWIFT_VERSION = 5.0;
				TARGETED_DEVICE_FAMILY = "1,2";
				TEST_TARGET_NAME = test;
			};
			name = Release;
		};
/* End XCBuildConfiguration section */

/* Begin XCConfigurationList section */
		E61CBE15286AA65300983C8A /* Build configuration list for PBXProject "test" */ = {
			isa = XCConfigurationList;
			buildConfigurations = (
				E61CBE3C286AA65600983C8A /* Debug */,
				E61CBE3D286AA65600983C8A /* Release */,
			);
			defaultConfigurationIsVisible = 0;
			defaultConfigurationName = Release;
		};
		E61CBE3E286AA65600983C8A /* Build configuration list for PBXNativeTarget "test" */ = {
			isa = XCConfigurationList;
			buildConfigurations = (
				E61CBE3F286AA65600983C8A /* Debug */,
				E61CBE40286AA65600983C8A /* Release */,
			);
			defaultConfigurationIsVisible = 0;
			defaultConfigurationName = Release;
		};
		E61CBE41286AA65600983C8A /* Build configuration list for PBXNativeTarget "testTests" */ = {
			isa = XCConfigurationList;
			buildConfigurations = (
				E61CBE42286AA65600983C8A /* Debug */,
				E61CBE43286AA65600983C8A /* Release */,
			);
			defaultConfigurationIsVisible = 0;
			defaultConfigurationName = Release;
		};
		E61CBE44286AA65600983C8A /* Build configuration list for PBXNativeTarget "testUITests" */ = {
			isa = XCConfigurationList;
			buildConfigurations = (
				E61CBE45286AA65600983C8A /* Debug */,
				E61CBE46286AA65600983C8A /* Release */,
			);
			defaultConfigurationIsVisible = 0;
			defaultConfigurationName = Release;
		};
/* End XCConfigurationList section */
	};
	rootObject = E61CBE12286AA65300983C8A /* Project object */;
}
